
Microsoft Visual Studio Solution File, Format Version 12.00
# Visual Studio Version 16
VisualStudioVersion = 16.0.32428.217
MinimumVisualStudioVersion = 10.0.40219.1
Project("{FAE04EC0-301F-11D3-BF4B-00C04F79EFBC}") = "ShopAdmin", "ShopAdmin\ShopAdmin.csproj", "{825A3883-4DE9-4339-8B1D-8E1DC77040BD}"
EndProject
Global
	GlobalSection(SolutionConfigurationPlatforms) = preSolution
		Debug|Any CPU = Debug|Any CPU
		Release|Any CPU = Release|Any CPU
	EndGlobalSection
	GlobalSection(ProjectConfigurationPlatforms) = postSolution
		{825A3883-4DE9-4339-8B1D-8E1DC77040BD}.Debug|Any CPU.ActiveCfg = Debug|Any CPU
		{825A3883-4DE9-4339-8B1D-8E1DC77040BD}.Debug|Any CPU.Build.0 = Debug|Any CPU
		{825A3883-4DE9-4339-8B1D-8E1DC77040BD}.Release|Any CPU.ActiveCfg = Release|Any CPU
		{825A3883-4DE9-4339-8B1D-8E1DC77040BD}.Release|Any CPU.Build.0 = Release|Any CPU
	EndGlobalSection
	GlobalSection(SolutionProperties) = preSolution
		HideSolutionNode = FALSE
	EndGlobalSection
	GlobalSection(ExtensibilityGlobals) = postSolution
		SolutionGuid = {4FB7F6D3-E0E9-44C2-84FC-87F2C26D2A4C}
	EndGlobalSection
EndGlobal
